
Microsoft Visual Studio Solution File, Format Version 12.00
# Visual Studio Version 17
VisualStudioVersion = 17.2.32630.192
MinimumVisualStudioVersion = 10.0.40219.1
Project("{8BC9CEB8-8B4A-11D0-8D11-00A0C91BC942}") = "Engineer_Thesis", "Engineer_Thesis\Engineer_Thesis.vcxproj", "{69A4C3B1-7133-43D6-8CE5-AA3D3ACB487B}"
EndProject
Project("{888888A0-9F3D-457C-B088-3A5042F75D52}") = "Visualizer", "PythonApplication1\Visualizer.pyproj", "{ED07455A-BBD8-43BC-ACF0-42BC25A7D6BF}"
EndProject
Project("{8BC9CEB8-8B4A-11D0-8D11-00A0C91BC942}") = "Library_Tests", "Library_Tests\Library_Tests.vcxproj", "{B80C30A9-90B3-4EBC-BB56-65EA603D5B96}"
EndProject
Global
	GlobalSection(SolutionConfigurationPlatforms) = preSolution
		Debug|Any CPU = Debug|Any CPU
		Debug|x64 = Debug|x64
		Debug|x86 = Debug|x86
		Release|Any CPU = Release|Any CPU
		Release|x64 = Release|x64
		Release|x86 = Release|x86
	EndGlobalSection
	GlobalSection(ProjectConfigurationPlatforms) = postSolution
		{69A4C3B1-7133-43D6-8CE5-AA3D3ACB487B}.Debug|Any CPU.ActiveCfg = Debug|x64
		{69A4C3B1-7133-43D6-8CE5-AA3D3ACB487B}.Debug|Any CPU.Build.0 = Debug|x64
		{69A4C3B1-7133-43D6-8CE5-AA3D3ACB487B}.Debug|x64.ActiveCfg = Debug|x64
		{69A4C3B1-7133-43D6-8CE5-AA3D3ACB487B}.Debug|x64.Build.0 = Debug|x64
		{69A4C3B1-7133-43D6-8CE5-AA3D3ACB487B}.Debug|x86.ActiveCfg = Debug|Win32
		{69A4C3B1-7133-43D6-8CE5-AA3D3ACB487B}.Debug|x86.Build.0 = Debug|Win32
		{69A4C3B1-7133-43D6-8CE5-AA3D3ACB487B}.Release|Any CPU.ActiveCfg = Release|x64
		{69A4C3B1-7133-43D6-8CE5-AA3D3ACB487B}.Release|Any CPU.Build.0 = Release|x64
		{69A4C3B1-7133-43D6-8CE5-AA3D3ACB487B}.Release|x64.ActiveCfg = Release|x64
		{69A4C3B1-7133-43D6-8CE5-AA3D3ACB487B}.Release|x64.Build.0 = Release|x64
		{69A4C3B1-7133-43D6-8CE5-AA3D3ACB487B}.Release|x86.ActiveCfg = Release|Win32
		{69A4C3B1-7133-43D6-8CE5-AA3D3ACB487B}.Release|x86.Build.0 = Release|Win32
		{ED07455A-BBD8-43BC-ACF0-42BC25A7D6BF}.Debug|Any CPU.ActiveCfg = Debug|Any CPU
		{ED07455A-BBD8-43BC-ACF0-42BC25A7D6BF}.Debug|x64.ActiveCfg = Debug|Any CPU
		{ED07455A-BBD8-43BC-ACF0-42BC25A7D6BF}.Debug|x86.ActiveCfg = Debug|Any CPU
		{ED07455A-BBD8-43BC-ACF0-42BC25A7D6BF}.Release|Any CPU.ActiveCfg = Release|Any CPU
		{ED07455A-BBD8-43BC-ACF0-42BC25A7D6BF}.Release|x64.ActiveCfg = Release|Any CPU
		{ED07455A-BBD8-43BC-ACF0-42BC25A7D6BF}.Release|x86.ActiveCfg = Release|Any CPU
		{B80C30A9-90B3-4EBC-BB56-65EA603D5B96}.Debug|Any CPU.ActiveCfg = Debug|x64
		{B80C30A9-90B3-4EBC-BB56-65EA603D5B96}.Debug|Any CPU.Build.0 = Debug|x64
		{B80C30A9-90B3-4EBC-BB56-65EA603D5B96}.Debug|x64.ActiveCfg = Debug|x64
		{B80C30A9-90B3-4EBC-BB56-65EA603D5B96}.Debug|x64.Build.0 = Debug|x64
		{B80C30A9-90B3-4EBC-BB56-65EA603D5B96}.Debug|x86.ActiveCfg = Debug|Win32
		{B80C30A9-90B3-4EBC-BB56-65EA603D5B96}.Debug|x86.Build.0 = Debug|Win32
		{B80C30A9-90B3-4EBC-BB56-65EA603D5B96}.Release|Any CPU.ActiveCfg = Release|x64
		{B80C30A9-90B3-4EBC-BB56-65EA603D5B96}.Release|Any CPU.Build.0 = Release|x64
		{B80C30A9-90B3-4EBC-BB56-65EA603D5B96}.Release|x64.ActiveCfg = Release|x64
		{B80C30A9-90B3-4EBC-BB56-65EA603D5B96}.Release|x64.Build.0 = Release|x64
		{B80C30A9-90B3-4EBC-BB56-65EA603D5B96}.Release|x86.ActiveCfg = Release|Win32
		{B80C30A9-90B3-4EBC-BB56-65EA603D5B96}.Release|x86.Build.0 = Release|Win32
	EndGlobalSection
	GlobalSection(SolutionProperties) = preSolution
		HideSolutionNode = FALSE
	EndGlobalSection
	GlobalSection(ExtensibilityGlobals) = postSolution
		SolutionGuid = {447A565E-45E1-4204-9000-6BA4E7377144}
	EndGlobalSection
EndGlobal
